
Microsoft Visual Studio Solution File, Format Version 12.00
# Visual Studio Version 16
VisualStudioVersion = 16.0.29230.47
MinimumVisualStudioVersion = 10.0.40219.1
Project("{FAE04EC0-301F-11D3-BF4B-00C04F79EFBC}") = "CentralitaHerencia", "CentralitaHerencia\CentralitaHerencia.csproj", "{FC9CD23F-4A52-4C07-8218-B0FB0A63B76D}"
EndProject
Global
	GlobalSection(SolutionConfigurationPlatforms) = preSolution
		Debug|Any CPU = Debug|Any CPU
		Release|Any CPU = Release|Any CPU
	EndGlobalSection
	GlobalSection(ProjectConfigurationPlatforms) = postSolution
		{FC9CD23F-4A52-4C07-8218-B0FB0A63B76D}.Debug|Any CPU.ActiveCfg = Debug|Any CPU
		{FC9CD23F-4A52-4C07-8218-B0FB0A63B76D}.Debug|Any CPU.Build.0 = Debug|Any CPU
		{FC9CD23F-4A52-4C07-8218-B0FB0A63B76D}.Release|Any CPU.ActiveCfg = Release|Any CPU
		{FC9CD23F-4A52-4C07-8218-B0FB0A63B76D}.Release|Any CPU.Build.0 = Release|Any CPU
	EndGlobalSection
	GlobalSection(SolutionProperties) = preSolution
		HideSolutionNode = FALSE
	EndGlobalSection
	GlobalSection(ExtensibilityGlobals) = postSolution
		SolutionGuid = {5E581B57-49F7-46FE-8FAC-338F1E3DCCC9}
	EndGlobalSection
EndGlobal
