
Microsoft Visual Studio Solution File, Format Version 12.00
# Visual Studio Version 16
VisualStudioVersion = 16.0.29215.179
MinimumVisualStudioVersion = 10.0.40219.1
Project("{FAE04EC0-301F-11D3-BF4B-00C04F79EFBC}") = "Ejercicio01", "Ejercicio1\Ejercicio01.csproj", "{1FB6FE82-6C08-4E91-A259-FE583BBBC005}"
EndProject
Project("{FAE04EC0-301F-11D3-BF4B-00C04F79EFBC}") = "Ejercicio02", "Ejercicio2\Ejercicio02.csproj", "{E6B7DA44-192D-4CA9-A8B1-234A9F97A57E}"
EndProject
Project("{FAE04EC0-301F-11D3-BF4B-00C04F79EFBC}") = "Ejercicio03", "Ejercicio3\Ejercicio03.csproj", "{E0819579-4377-4F9B-BCD7-F2098DBEC286}"
EndProject
Project("{FAE04EC0-301F-11D3-BF4B-00C04F79EFBC}") = "Ejercicio04", "Ejercicio4\Ejercicio04.csproj", "{855F6538-32B4-4A2F-B631-A30B654FC068}"
EndProject
Project("{FAE04EC0-301F-11D3-BF4B-00C04F79EFBC}") = "Ejercicio05", "Ejercicio5\Ejercicio05.csproj", "{ECBF80CE-4239-4049-AE4E-7AEC683340BA}"
EndProject
Project("{FAE04EC0-301F-11D3-BF4B-00C04F79EFBC}") = "Ejercicio06", "Ejercicio6\Ejercicio06.csproj", "{500DC408-FAA9-49DB-801D-FF7D90D4EC1E}"
EndProject
Project("{FAE04EC0-301F-11D3-BF4B-00C04F79EFBC}") = "Ejercicio07", "Ejercicio7\Ejercicio07.csproj", "{FA040C6E-F12F-4735-B94C-A36DEEB5F619}"
EndProject
Project("{FAE04EC0-301F-11D3-BF4B-00C04F79EFBC}") = "Ejercicio11", "Ejercicio11\Ejercicio11.csproj", "{1839CDC2-32DA-4EE1-9F00-AEC193E216C5}"
EndProject
Project("{FAE04EC0-301F-11D3-BF4B-00C04F79EFBC}") = "Ejercicio12", "Ejercicio12\Ejercicio12.csproj", "{06A65602-F88A-47D8-A7BB-E8E8165296E2}"
EndProject
Project("{FAE04EC0-301F-11D3-BF4B-00C04F79EFBC}") = "Ejercicio13", "Ejercicio13\Ejercicio13.csproj", "{7B86B3C5-B763-4A78-A049-F5E80E77D323}"
EndProject
Project("{FAE04EC0-301F-11D3-BF4B-00C04F79EFBC}") = "Ejercicio14", "Ejercicio14\Ejercicio14.csproj", "{5FD1C624-B8AC-4109-9B11-5E1D7B396363}"
EndProject
Project("{FAE04EC0-301F-11D3-BF4B-00C04F79EFBC}") = "Ejercicio15", "Ejercicio15\Ejercicio15.csproj", "{1F301447-DA77-4F55-AF1B-9A946FF339F5}"
EndProject
Project("{FAE04EC0-301F-11D3-BF4B-00C04F79EFBC}") = "Ejercicio08", "Ejercicio08\Ejercicio08.csproj", "{0EA45435-A41B-4D81-BCBB-DF43E5833179}"
EndProject
Project("{FAE04EC0-301F-11D3-BF4B-00C04F79EFBC}") = "Ejercicio09", "Ejercicio09\Ejercicio09.csproj", "{FDF46C97-1537-4F7D-8318-254F0A019DCA}"
EndProject
Project("{FAE04EC0-301F-11D3-BF4B-00C04F79EFBC}") = "Ejercicio10", "Ejercicio10\Ejercicio10.csproj", "{F474F454-EEE4-4BF7-8B10-B1EE7E25705B}"
EndProject
Project("{FAE04EC0-301F-11D3-BF4B-00C04F79EFBC}") = "Ejercicio16", "Ejercicio16\Ejercicio16.csproj", "{7D3CCB70-DB07-4B33-A9C4-3C8A43B4E9EF}"
EndProject
Project("{FAE04EC0-301F-11D3-BF4B-00C04F79EFBC}") = "Ejercicio17", "Ejercicio17\Ejercicio17.csproj", "{5A7A5A26-0E92-4D76-A5A6-217224CFC414}"
EndProject
Project("{FAE04EC0-301F-11D3-BF4B-00C04F79EFBC}") = "Ejercicio18", "Ejercicio18\Ejercicio18.csproj", "{1047FD1D-303D-48C1-B9BA-AB161765085B}"
EndProject
Project("{FAE04EC0-301F-11D3-BF4B-00C04F79EFBC}") = "Ejercicio19", "Ejercicio19\Ejercicio19.csproj", "{B63BB567-33BB-4F55-851D-10ECB646B7ED}"
EndProject
Project("{FAE04EC0-301F-11D3-BF4B-00C04F79EFBC}") = "Ejercicio20", "Ejercicio20\Ejercicio20.csproj", "{13484F9E-AC8B-42DC-9120-9C58934FF0DB}"
EndProject
Global
	GlobalSection(SolutionConfigurationPlatforms) = preSolution
		Debug|Any CPU = Debug|Any CPU
		Release|Any CPU = Release|Any CPU
	EndGlobalSection
	GlobalSection(ProjectConfigurationPlatforms) = postSolution
		{1FB6FE82-6C08-4E91-A259-FE583BBBC005}.Debug|Any CPU.ActiveCfg = Debug|Any CPU
		{1FB6FE82-6C08-4E91-A259-FE583BBBC005}.Debug|Any CPU.Build.0 = Debug|Any CPU
		{1FB6FE82-6C08-4E91-A259-FE583BBBC005}.Release|Any CPU.ActiveCfg = Release|Any CPU
		{1FB6FE82-6C08-4E91-A259-FE583BBBC005}.Release|Any CPU.Build.0 = Release|Any CPU
		{E6B7DA44-192D-4CA9-A8B1-234A9F97A57E}.Debug|Any CPU.ActiveCfg = Debug|Any CPU
		{E6B7DA44-192D-4CA9-A8B1-234A9F97A57E}.Debug|Any CPU.Build.0 = Debug|Any CPU
		{E6B7DA44-192D-4CA9-A8B1-234A9F97A57E}.Release|Any CPU.ActiveCfg = Release|Any CPU
		{E6B7DA44-192D-4CA9-A8B1-234A9F97A57E}.Release|Any CPU.Build.0 = Release|Any CPU
		{E0819579-4377-4F9B-BCD7-F2098DBEC286}.Debug|Any CPU.ActiveCfg = Debug|Any CPU
		{E0819579-4377-4F9B-BCD7-F2098DBEC286}.Debug|Any CPU.Build.0 = Debug|Any CPU
		{E0819579-4377-4F9B-BCD7-F2098DBEC286}.Release|Any CPU.ActiveCfg = Release|Any CPU
		{E0819579-4377-4F9B-BCD7-F2098DBEC286}.Release|Any CPU.Build.0 = Release|Any CPU
		{855F6538-32B4-4A2F-B631-A30B654FC068}.Debug|Any CPU.ActiveCfg = Debug|Any CPU
		{855F6538-32B4-4A2F-B631-A30B654FC068}.Debug|Any CPU.Build.0 = Debug|Any CPU
		{855F6538-32B4-4A2F-B631-A30B654FC068}.Release|Any CPU.ActiveCfg = Release|Any CPU
		{855F6538-32B4-4A2F-B631-A30B654FC068}.Release|Any CPU.Build.0 = Release|Any CPU
		{ECBF80CE-4239-4049-AE4E-7AEC683340BA}.Debug|Any CPU.ActiveCfg = Debug|Any CPU
		{ECBF80CE-4239-4049-AE4E-7AEC683340BA}.Debug|Any CPU.Build.0 = Debug|Any CPU
		{ECBF80CE-4239-4049-AE4E-7AEC683340BA}.Release|Any CPU.ActiveCfg = Release|Any CPU
		{ECBF80CE-4239-4049-AE4E-7AEC683340BA}.Release|Any CPU.Build.0 = Release|Any CPU
		{500DC408-FAA9-49DB-801D-FF7D90D4EC1E}.Debug|Any CPU.ActiveCfg = Debug|Any CPU
		{500DC408-FAA9-49DB-801D-FF7D90D4EC1E}.Debug|Any CPU.Build.0 = Debug|Any CPU
		{500DC408-FAA9-49DB-801D-FF7D90D4EC1E}.Release|Any CPU.ActiveCfg = Release|Any CPU
		{500DC408-FAA9-49DB-801D-FF7D90D4EC1E}.Release|Any CPU.Build.0 = Release|Any CPU
		{FA040C6E-F12F-4735-B94C-A36DEEB5F619}.Debug|Any CPU.ActiveCfg = Debug|Any CPU
		{FA040C6E-F12F-4735-B94C-A36DEEB5F619}.Debug|Any CPU.Build.0 = Debug|Any CPU
		{FA040C6E-F12F-4735-B94C-A36DEEB5F619}.Release|Any CPU.ActiveCfg = Release|Any CPU
		{FA040C6E-F12F-4735-B94C-A36DEEB5F619}.Release|Any CPU.Build.0 = Release|Any CPU
		{1839CDC2-32DA-4EE1-9F00-AEC193E216C5}.Debug|Any CPU.ActiveCfg = Debug|Any CPU
		{1839CDC2-32DA-4EE1-9F00-AEC193E216C5}.Debug|Any CPU.Build.0 = Debug|Any CPU
		{1839CDC2-32DA-4EE1-9F00-AEC193E216C5}.Release|Any CPU.ActiveCfg = Release|Any CPU
		{1839CDC2-32DA-4EE1-9F00-AEC193E216C5}.Release|Any CPU.Build.0 = Release|Any CPU
		{06A65602-F88A-47D8-A7BB-E8E8165296E2}.Debug|Any CPU.ActiveCfg = Debug|Any CPU
		{06A65602-F88A-47D8-A7BB-E8E8165296E2}.Debug|Any CPU.Build.0 = Debug|Any CPU
		{06A65602-F88A-47D8-A7BB-E8E8165296E2}.Release|Any CPU.ActiveCfg = Release|Any CPU
		{06A65602-F88A-47D8-A7BB-E8E8165296E2}.Release|Any CPU.Build.0 = Release|Any CPU
		{7B86B3C5-B763-4A78-A049-F5E80E77D323}.Debug|Any CPU.ActiveCfg = Debug|Any CPU
		{7B86B3C5-B763-4A78-A049-F5E80E77D323}.Debug|Any CPU.Build.0 = Debug|Any CPU
		{7B86B3C5-B763-4A78-A049-F5E80E77D323}.Release|Any CPU.ActiveCfg = Release|Any CPU
		{7B86B3C5-B763-4A78-A049-F5E80E77D323}.Release|Any CPU.Build.0 = Release|Any CPU
		{5FD1C624-B8AC-4109-9B11-5E1D7B396363}.Debug|Any CPU.ActiveCfg = Debug|Any CPU
		{5FD1C624-B8AC-4109-9B11-5E1D7B396363}.Debug|Any CPU.Build.0 = Debug|Any CPU
		{5FD1C624-B8AC-4109-9B11-5E1D7B396363}.Release|Any CPU.ActiveCfg = Release|Any CPU
		{5FD1C624-B8AC-4109-9B11-5E1D7B396363}.Release|Any CPU.Build.0 = Release|Any CPU
		{1F301447-DA77-4F55-AF1B-9A946FF339F5}.Debug|Any CPU.ActiveCfg = Debug|Any CPU
		{1F301447-DA77-4F55-AF1B-9A946FF339F5}.Debug|Any CPU.Build.0 = Debug|Any CPU
		{1F301447-DA77-4F55-AF1B-9A946FF339F5}.Release|Any CPU.ActiveCfg = Release|Any CPU
		{1F301447-DA77-4F55-AF1B-9A946FF339F5}.Release|Any CPU.Build.0 = Release|Any CPU
		{0EA45435-A41B-4D81-BCBB-DF43E5833179}.Debug|Any CPU.ActiveCfg = Debug|Any CPU
		{0EA45435-A41B-4D81-BCBB-DF43E5833179}.Debug|Any CPU.Build.0 = Debug|Any CPU
		{0EA45435-A41B-4D81-BCBB-DF43E5833179}.Release|Any CPU.ActiveCfg = Release|Any CPU
		{0EA45435-A41B-4D81-BCBB-DF43E5833179}.Release|Any CPU.Build.0 = Release|Any CPU
		{FDF46C97-1537-4F7D-8318-254F0A019DCA}.Debug|Any CPU.ActiveCfg = Debug|Any CPU
		{FDF46C97-1537-4F7D-8318-254F0A019DCA}.Debug|Any CPU.Build.0 = Debug|Any CPU
		{FDF46C97-1537-4F7D-8318-254F0A019DCA}.Release|Any CPU.ActiveCfg = Release|Any CPU
		{FDF46C97-1537-4F7D-8318-254F0A019DCA}.Release|Any CPU.Build.0 = Release|Any CPU
		{F474F454-EEE4-4BF7-8B10-B1EE7E25705B}.Debug|Any CPU.ActiveCfg = Debug|Any CPU
		{F474F454-EEE4-4BF7-8B10-B1EE7E25705B}.Debug|Any CPU.Build.0 = Debug|Any CPU
		{F474F454-EEE4-4BF7-8B10-B1EE7E25705B}.Release|Any CPU.ActiveCfg = Release|Any CPU
		{F474F454-EEE4-4BF7-8B10-B1EE7E25705B}.Release|Any CPU.Build.0 = Release|Any CPU
		{7D3CCB70-DB07-4B33-A9C4-3C8A43B4E9EF}.Debug|Any CPU.ActiveCfg = Debug|Any CPU
		{7D3CCB70-DB07-4B33-A9C4-3C8A43B4E9EF}.Debug|Any CPU.Build.0 = Debug|Any CPU
		{7D3CCB70-DB07-4B33-A9C4-3C8A43B4E9EF}.Release|Any CPU.ActiveCfg = Release|Any CPU
		{7D3CCB70-DB07-4B33-A9C4-3C8A43B4E9EF}.Release|Any CPU.Build.0 = Release|Any CPU
		{5A7A5A26-0E92-4D76-A5A6-217224CFC414}.Debug|Any CPU.ActiveCfg = Debug|Any CPU
		{5A7A5A26-0E92-4D76-A5A6-217224CFC414}.Debug|Any CPU.Build.0 = Debug|Any CPU
		{5A7A5A26-0E92-4D76-A5A6-217224CFC414}.Release|Any CPU.ActiveCfg = Release|Any CPU
		{5A7A5A26-0E92-4D76-A5A6-217224CFC414}.Release|Any CPU.Build.0 = Release|Any CPU
		{1047FD1D-303D-48C1-B9BA-AB161765085B}.Debug|Any CPU.ActiveCfg = Debug|Any CPU
		{1047FD1D-303D-48C1-B9BA-AB161765085B}.Debug|Any CPU.Build.0 = Debug|Any CPU
		{1047FD1D-303D-48C1-B9BA-AB161765085B}.Release|Any CPU.ActiveCfg = Release|Any CPU
		{1047FD1D-303D-48C1-B9BA-AB161765085B}.Release|Any CPU.Build.0 = Release|Any CPU
		{B63BB567-33BB-4F55-851D-10ECB646B7ED}.Debug|Any CPU.ActiveCfg = Debug|Any CPU
		{B63BB567-33BB-4F55-851D-10ECB646B7ED}.Debug|Any CPU.Build.0 = Debug|Any CPU
		{B63BB567-33BB-4F55-851D-10ECB646B7ED}.Release|Any CPU.ActiveCfg = Release|Any CPU
		{B63BB567-33BB-4F55-851D-10ECB646B7ED}.Release|Any CPU.Build.0 = Release|Any CPU
		{13484F9E-AC8B-42DC-9120-9C58934FF0DB}.Debug|Any CPU.ActiveCfg = Debug|Any CPU
		{13484F9E-AC8B-42DC-9120-9C58934FF0DB}.Debug|Any CPU.Build.0 = Debug|Any CPU
		{13484F9E-AC8B-42DC-9120-9C58934FF0DB}.Release|Any CPU.ActiveCfg = Release|Any CPU
		{13484F9E-AC8B-42DC-9120-9C58934FF0DB}.Release|Any CPU.Build.0 = Release|Any CPU
	EndGlobalSection
	GlobalSection(SolutionProperties) = preSolution
		HideSolutionNode = FALSE
	EndGlobalSection
	GlobalSection(ExtensibilityGlobals) = postSolution
		SolutionGuid = {BCBB0775-0E68-4070-A967-924D6D1E1EF3}
	EndGlobalSection
EndGlobal
