
Microsoft Visual Studio Solution File, Format Version 12.00
# Visual Studio Version 16
VisualStudioVersion = 16.0.29215.179
MinimumVisualStudioVersion = 10.0.40219.1
Project("{FAE04EC0-301F-11D3-BF4B-00C04F79EFBC}") = "MiCalculadora", "MiCalculadora\MiCalculadora.csproj", "{6DAD7415-73CA-4850-AB23-CEEAE0674C51}"
EndProject
Project("{FAE04EC0-301F-11D3-BF4B-00C04F79EFBC}") = "Entidades", "Entidades\Entidades.csproj", "{8253D7FD-14E8-4AB4-A06F-117F11625A8F}"
EndProject
Global
	GlobalSection(SolutionConfigurationPlatforms) = preSolution
		Debug|Any CPU = Debug|Any CPU
		Release|Any CPU = Release|Any CPU
	EndGlobalSection
	GlobalSection(ProjectConfigurationPlatforms) = postSolution
		{6DAD7415-73CA-4850-AB23-CEEAE0674C51}.Debug|Any CPU.ActiveCfg = Debug|Any CPU
		{6DAD7415-73CA-4850-AB23-CEEAE0674C51}.Debug|Any CPU.Build.0 = Debug|Any CPU
		{6DAD7415-73CA-4850-AB23-CEEAE0674C51}.Release|Any CPU.ActiveCfg = Release|Any CPU
		{6DAD7415-73CA-4850-AB23-CEEAE0674C51}.Release|Any CPU.Build.0 = Release|Any CPU
		{8253D7FD-14E8-4AB4-A06F-117F11625A8F}.Debug|Any CPU.ActiveCfg = Debug|Any CPU
		{8253D7FD-14E8-4AB4-A06F-117F11625A8F}.Debug|Any CPU.Build.0 = Debug|Any CPU
		{8253D7FD-14E8-4AB4-A06F-117F11625A8F}.Release|Any CPU.ActiveCfg = Release|Any CPU
		{8253D7FD-14E8-4AB4-A06F-117F11625A8F}.Release|Any CPU.Build.0 = Release|Any CPU
	EndGlobalSection
	GlobalSection(SolutionProperties) = preSolution
		HideSolutionNode = FALSE
	EndGlobalSection
	GlobalSection(ExtensibilityGlobals) = postSolution
		SolutionGuid = {11982B11-B6D7-49B2-99C2-9ABE0C851888}
	EndGlobalSection
EndGlobal
