
Microsoft Visual Studio Solution File, Format Version 12.00
# Visual Studio Version 16
VisualStudioVersion = 16.0.29230.47
MinimumVisualStudioVersion = 10.0.40219.1
Project("{FAE04EC0-301F-11D3-BF4B-00C04F79EFBC}") = "MainCorreo", "MainCorreo\MainCorreo.csproj", "{38AAE8C6-4EE0-4FB0-BDB6-504F320AA1BF}"
EndProject
Project("{FAE04EC0-301F-11D3-BF4B-00C04F79EFBC}") = "Entidades", "Entidades\Entidades.csproj", "{0A6ED337-ED6C-4995-BB99-8D1F35F6DEA0}"
EndProject
Project("{FAE04EC0-301F-11D3-BF4B-00C04F79EFBC}") = "Tests", "Tests\Tests.csproj", "{097B2489-DA50-485A-8281-C9C249D5E89D}"
EndProject
Global
	GlobalSection(SolutionConfigurationPlatforms) = preSolution
		Debug|Any CPU = Debug|Any CPU
		Release|Any CPU = Release|Any CPU
	EndGlobalSection
	GlobalSection(ProjectConfigurationPlatforms) = postSolution
		{38AAE8C6-4EE0-4FB0-BDB6-504F320AA1BF}.Debug|Any CPU.ActiveCfg = Debug|Any CPU
		{38AAE8C6-4EE0-4FB0-BDB6-504F320AA1BF}.Debug|Any CPU.Build.0 = Debug|Any CPU
		{38AAE8C6-4EE0-4FB0-BDB6-504F320AA1BF}.Release|Any CPU.ActiveCfg = Release|Any CPU
		{38AAE8C6-4EE0-4FB0-BDB6-504F320AA1BF}.Release|Any CPU.Build.0 = Release|Any CPU
		{0A6ED337-ED6C-4995-BB99-8D1F35F6DEA0}.Debug|Any CPU.ActiveCfg = Debug|Any CPU
		{0A6ED337-ED6C-4995-BB99-8D1F35F6DEA0}.Debug|Any CPU.Build.0 = Debug|Any CPU
		{0A6ED337-ED6C-4995-BB99-8D1F35F6DEA0}.Release|Any CPU.ActiveCfg = Release|Any CPU
		{0A6ED337-ED6C-4995-BB99-8D1F35F6DEA0}.Release|Any CPU.Build.0 = Release|Any CPU
		{097B2489-DA50-485A-8281-C9C249D5E89D}.Debug|Any CPU.ActiveCfg = Debug|Any CPU
		{097B2489-DA50-485A-8281-C9C249D5E89D}.Debug|Any CPU.Build.0 = Debug|Any CPU
		{097B2489-DA50-485A-8281-C9C249D5E89D}.Release|Any CPU.ActiveCfg = Release|Any CPU
		{097B2489-DA50-485A-8281-C9C249D5E89D}.Release|Any CPU.Build.0 = Release|Any CPU
	EndGlobalSection
	GlobalSection(SolutionProperties) = preSolution
		HideSolutionNode = FALSE
	EndGlobalSection
	GlobalSection(ExtensibilityGlobals) = postSolution
		SolutionGuid = {ED013461-216F-4C89-A51A-6B84DD9A04DB}
	EndGlobalSection
EndGlobal
