
Microsoft Visual Studio Solution File, Format Version 12.00
# Visual Studio 15
VisualStudioVersion = 15.0.27703.2047
MinimumVisualStudioVersion = 10.0.40219.1
Project("{FAE04EC0-301F-11D3-BF4B-00C04F79EFBC}") = "Repaso", "Repaso\Repaso.csproj", "{C635E4AD-A5AD-4D9F-90CA-DFBF21BCD8D3}"
EndProject
Global
	GlobalSection(SolutionConfigurationPlatforms) = preSolution
		Debug|Any CPU = Debug|Any CPU
		Release|Any CPU = Release|Any CPU
	EndGlobalSection
	GlobalSection(ProjectConfigurationPlatforms) = postSolution
		{C635E4AD-A5AD-4D9F-90CA-DFBF21BCD8D3}.Debug|Any CPU.ActiveCfg = Debug|Any CPU
		{C635E4AD-A5AD-4D9F-90CA-DFBF21BCD8D3}.Debug|Any CPU.Build.0 = Debug|Any CPU
		{C635E4AD-A5AD-4D9F-90CA-DFBF21BCD8D3}.Release|Any CPU.ActiveCfg = Release|Any CPU
		{C635E4AD-A5AD-4D9F-90CA-DFBF21BCD8D3}.Release|Any CPU.Build.0 = Release|Any CPU
	EndGlobalSection
	GlobalSection(SolutionProperties) = preSolution
		HideSolutionNode = FALSE
	EndGlobalSection
	GlobalSection(ExtensibilityGlobals) = postSolution
		SolutionGuid = {749D6668-9B51-40F2-B3C7-6C7829A731DD}
	EndGlobalSection
EndGlobal
